
Microsoft Visual Studio Solution File, Format Version 12.00
# Visual Studio Version 16
VisualStudioVersion = 16.0.29509.3
MinimumVisualStudioVersion = 10.0.40219.1
Project("{FAE04EC0-301F-11D3-BF4B-00C04F79EFBC}") = "HAPBug", "HAPBug.csproj", "{049103B0-ECFD-47A8-8380-EBC5F785771C}"
EndProject
Global
	GlobalSection(SolutionConfigurationPlatforms) = preSolution
		Debug|Any CPU = Debug|Any CPU
		Release|Any CPU = Release|Any CPU
	EndGlobalSection
	GlobalSection(ProjectConfigurationPlatforms) = postSolution
		{049103B0-ECFD-47A8-8380-EBC5F785771C}.Debug|Any CPU.ActiveCfg = Debug|Any CPU
		{049103B0-ECFD-47A8-8380-EBC5F785771C}.Debug|Any CPU.Build.0 = Debug|Any CPU
		{049103B0-ECFD-47A8-8380-EBC5F785771C}.Release|Any CPU.ActiveCfg = Release|Any CPU
		{049103B0-ECFD-47A8-8380-EBC5F785771C}.Release|Any CPU.Build.0 = Release|Any CPU
	EndGlobalSection
	GlobalSection(SolutionProperties) = preSolution
		HideSolutionNode = FALSE
	EndGlobalSection
	GlobalSection(ExtensibilityGlobals) = postSolution
		SolutionGuid = {67AECE49-89F6-4BF9-9BBC-9DADE054C0B4}
	EndGlobalSection
EndGlobal
